
Microsoft Visual Studio Solution File, Format Version 12.00
# Visual Studio Version 17
VisualStudioVersion = 17.5.33414.496
MinimumVisualStudioVersion = 10.0.40219.1
Project("{FAE04EC0-301F-11D3-BF4B-00C04F79EFBC}") = "project2.UWP", "project2\project2.UWP\project2.UWP.csproj", "{D56BBD87-FB2C-4D4B-9E29-2A097AD2E24E}"
EndProject
Project("{FAE04EC0-301F-11D3-BF4B-00C04F79EFBC}") = "project2.Android", "project2\project2.Android\project2.Android.csproj", "{1FE816C9-8B7C-4148-9CC5-55AC4E39966D}"
EndProject
Project("{FAE04EC0-301F-11D3-BF4B-00C04F79EFBC}") = "project2.iOS", "project2\project2.iOS\project2.iOS.csproj", "{A5EE2E5E-BE4D-4B09-887C-BD848D7FA27D}"
EndProject
Project("{9A19103F-16F7-4668-BE54-9A1E7A4F7556}") = "project2", "project2\project2\project2.csproj", "{F0E49B64-3F8F-40AF-A360-59300765FB87}"
EndProject
Global
	GlobalSection(SolutionConfigurationPlatforms) = preSolution
		Debug|Any CPU = Debug|Any CPU
		Debug|ARM = Debug|ARM
		Debug|iPhone = Debug|iPhone
		Debug|iPhoneSimulator = Debug|iPhoneSimulator
		Debug|x64 = Debug|x64
		Debug|x86 = Debug|x86
		Release|Any CPU = Release|Any CPU
		Release|ARM = Release|ARM
		Release|iPhone = Release|iPhone
		Release|iPhoneSimulator = Release|iPhoneSimulator
		Release|x64 = Release|x64
		Release|x86 = Release|x86
	EndGlobalSection
	GlobalSection(ProjectConfigurationPlatforms) = postSolution
		{D56BBD87-FB2C-4D4B-9E29-2A097AD2E24E}.Debug|Any CPU.ActiveCfg = Debug|x64
		{D56BBD87-FB2C-4D4B-9E29-2A097AD2E24E}.Debug|Any CPU.Build.0 = Debug|x64
		{D56BBD87-FB2C-4D4B-9E29-2A097AD2E24E}.Debug|Any CPU.Deploy.0 = Debug|x64
		{D56BBD87-FB2C-4D4B-9E29-2A097AD2E24E}.Debug|ARM.ActiveCfg = Debug|ARM
		{D56BBD87-FB2C-4D4B-9E29-2A097AD2E24E}.Debug|ARM.Build.0 = Debug|ARM
		{D56BBD87-FB2C-4D4B-9E29-2A097AD2E24E}.Debug|ARM.Deploy.0 = Debug|ARM
		{D56BBD87-FB2C-4D4B-9E29-2A097AD2E24E}.Debug|iPhone.ActiveCfg = Debug|x64
		{D56BBD87-FB2C-4D4B-9E29-2A097AD2E24E}.Debug|iPhone.Build.0 = Debug|x64
		{D56BBD87-FB2C-4D4B-9E29-2A097AD2E24E}.Debug|iPhone.Deploy.0 = Debug|x64
		{D56BBD87-FB2C-4D4B-9E29-2A097AD2E24E}.Debug|iPhoneSimulator.ActiveCfg = Debug|x64
		{D56BBD87-FB2C-4D4B-9E29-2A097AD2E24E}.Debug|iPhoneSimulator.Build.0 = Debug|x64
		{D56BBD87-FB2C-4D4B-9E29-2A097AD2E24E}.Debug|iPhoneSimulator.Deploy.0 = Debug|x64
		{D56BBD87-FB2C-4D4B-9E29-2A097AD2E24E}.Debug|x64.ActiveCfg = Debug|x64
		{D56BBD87-FB2C-4D4B-9E29-2A097AD2E24E}.Debug|x64.Build.0 = Debug|x64
		{D56BBD87-FB2C-4D4B-9E29-2A097AD2E24E}.Debug|x64.Deploy.0 = Debug|x64
		{D56BBD87-FB2C-4D4B-9E29-2A097AD2E24E}.Debug|x86.ActiveCfg = Debug|x86
		{D56BBD87-FB2C-4D4B-9E29-2A097AD2E24E}.Debug|x86.Build.0 = Debug|x86
		{D56BBD87-FB2C-4D4B-9E29-2A097AD2E24E}.Debug|x86.Deploy.0 = Debug|x86
		{D56BBD87-FB2C-4D4B-9E29-2A097AD2E24E}.Release|Any CPU.ActiveCfg = Release|x64
		{D56BBD87-FB2C-4D4B-9E29-2A097AD2E24E}.Release|Any CPU.Build.0 = Release|x64
		{D56BBD87-FB2C-4D4B-9E29-2A097AD2E24E}.Release|Any CPU.Deploy.0 = Release|x64
		{D56BBD87-FB2C-4D4B-9E29-2A097AD2E24E}.Release|ARM.ActiveCfg = Release|ARM
		{D56BBD87-FB2C-4D4B-9E29-2A097AD2E24E}.Release|ARM.Build.0 = Release|ARM
		{D56BBD87-FB2C-4D4B-9E29-2A097AD2E24E}.Release|ARM.Deploy.0 = Release|ARM
		{D56BBD87-FB2C-4D4B-9E29-2A097AD2E24E}.Release|iPhone.ActiveCfg = Release|x64
		{D56BBD87-FB2C-4D4B-9E29-2A097AD2E24E}.Release|iPhone.Build.0 = Release|x64
		{D56BBD87-FB2C-4D4B-9E29-2A097AD2E24E}.Release|iPhone.Deploy.0 = Release|x64
		{D56BBD87-FB2C-4D4B-9E29-2A097AD2E24E}.Release|iPhoneSimulator.ActiveCfg = Release|x64
		{D56BBD87-FB2C-4D4B-9E29-2A097AD2E24E}.Release|iPhoneSimulator.Build.0 = Release|x64
		{D56BBD87-FB2C-4D4B-9E29-2A097AD2E24E}.Release|iPhoneSimulator.Deploy.0 = Release|x64
		{D56BBD87-FB2C-4D4B-9E29-2A097AD2E24E}.Release|x64.ActiveCfg = Release|x64
		{D56BBD87-FB2C-4D4B-9E29-2A097AD2E24E}.Release|x64.Build.0 = Release|x64
		{D56BBD87-FB2C-4D4B-9E29-2A097AD2E24E}.Release|x64.Deploy.0 = Release|x64
		{D56BBD87-FB2C-4D4B-9E29-2A097AD2E24E}.Release|x86.ActiveCfg = Release|x86
		{D56BBD87-FB2C-4D4B-9E29-2A097AD2E24E}.Release|x86.Build.0 = Release|x86
		{D56BBD87-FB2C-4D4B-9E29-2A097AD2E24E}.Release|x86.Deploy.0 = Release|x86
		{1FE816C9-8B7C-4148-9CC5-55AC4E39966D}.Debug|Any CPU.ActiveCfg = Debug|Any CPU
		{1FE816C9-8B7C-4148-9CC5-55AC4E39966D}.Debug|Any CPU.Build.0 = Debug|Any CPU
		{1FE816C9-8B7C-4148-9CC5-55AC4E39966D}.Debug|Any CPU.Deploy.0 = Debug|Any CPU
		{1FE816C9-8B7C-4148-9CC5-55AC4E39966D}.Debug|ARM.ActiveCfg = Debug|Any CPU
		{1FE816C9-8B7C-4148-9CC5-55AC4E39966D}.Debug|ARM.Build.0 = Debug|Any CPU
		{1FE816C9-8B7C-4148-9CC5-55AC4E39966D}.Debug|ARM.Deploy.0 = Debug|Any CPU
		{1FE816C9-8B7C-4148-9CC5-55AC4E39966D}.Debug|iPhone.ActiveCfg = Debug|Any CPU
		{1FE816C9-8B7C-4148-9CC5-55AC4E39966D}.Debug|iPhone.Build.0 = Debug|Any CPU
		{1FE816C9-8B7C-4148-9CC5-55AC4E39966D}.Debug|iPhone.Deploy.0 = Debug|Any CPU
		{1FE816C9-8B7C-4148-9CC5-55AC4E39966D}.Debug|iPhoneSimulator.ActiveCfg = Debug|Any CPU
		{1FE816C9-8B7C-4148-9CC5-55AC4E39966D}.Debug|iPhoneSimulator.Build.0 = Debug|Any CPU
		{1FE816C9-8B7C-4148-9CC5-55AC4E39966D}.Debug|iPhoneSimulator.Deploy.0 = Debug|Any CPU
		{1FE816C9-8B7C-4148-9CC5-55AC4E39966D}.Debug|x64.ActiveCfg = Debug|Any CPU
		{1FE816C9-8B7C-4148-9CC5-55AC4E39966D}.Debug|x64.Build.0 = Debug|Any CPU
		{1FE816C9-8B7C-4148-9CC5-55AC4E39966D}.Debug|x64.Deploy.0 = Debug|Any CPU
		{1FE816C9-8B7C-4148-9CC5-55AC4E39966D}.Debug|x86.ActiveCfg = Debug|Any CPU
		{1FE816C9-8B7C-4148-9CC5-55AC4E39966D}.Debug|x86.Build.0 = Debug|Any CPU
		{1FE816C9-8B7C-4148-9CC5-55AC4E39966D}.Debug|x86.Deploy.0 = Debug|Any CPU
		{1FE816C9-8B7C-4148-9CC5-55AC4E39966D}.Release|Any CPU.ActiveCfg = Release|Any CPU
		{1FE816C9-8B7C-4148-9CC5-55AC4E39966D}.Release|Any CPU.Build.0 = Release|Any CPU
		{1FE816C9-8B7C-4148-9CC5-55AC4E39966D}.Release|Any CPU.Deploy.0 = Release|Any CPU
		{1FE816C9-8B7C-4148-9CC5-55AC4E39966D}.Release|ARM.ActiveCfg = Release|Any CPU
		{1FE816C9-8B7C-4148-9CC5-55AC4E39966D}.Release|ARM.Build.0 = Release|Any CPU
		{1FE816C9-8B7C-4148-9CC5-55AC4E39966D}.Release|ARM.Deploy.0 = Release|Any CPU
		{1FE816C9-8B7C-4148-9CC5-55AC4E39966D}.Release|iPhone.ActiveCfg = Release|Any CPU
		{1FE816C9-8B7C-4148-9CC5-55AC4E39966D}.Release|iPhone.Build.0 = Release|Any CPU
		{1FE816C9-8B7C-4148-9CC5-55AC4E39966D}.Release|iPhone.Deploy.0 = Release|Any CPU
		{1FE816C9-8B7C-4148-9CC5-55AC4E39966D}.Release|iPhoneSimulator.ActiveCfg = Release|Any CPU
		{1FE816C9-8B7C-4148-9CC5-55AC4E39966D}.Release|iPhoneSimulator.Build.0 = Release|Any CPU
		{1FE816C9-8B7C-4148-9CC5-55AC4E39966D}.Release|iPhoneSimulator.Deploy.0 = Release|Any CPU
		{1FE816C9-8B7C-4148-9CC5-55AC4E39966D}.Release|x64.ActiveCfg = Release|Any CPU
		{1FE816C9-8B7C-4148-9CC5-55AC4E39966D}.Release|x64.Build.0 = Release|Any CPU
		{1FE816C9-8B7C-4148-9CC5-55AC4E39966D}.Release|x64.Deploy.0 = Release|Any CPU
		{1FE816C9-8B7C-4148-9CC5-55AC4E39966D}.Release|x86.ActiveCfg = Release|Any CPU
		{1FE816C9-8B7C-4148-9CC5-55AC4E39966D}.Release|x86.Build.0 = Release|Any CPU
		{1FE816C9-8B7C-4148-9CC5-55AC4E39966D}.Release|x86.Deploy.0 = Release|Any CPU
		{A5EE2E5E-BE4D-4B09-887C-BD848D7FA27D}.Debug|Any CPU.ActiveCfg = Debug|iPhoneSimulator
		{A5EE2E5E-BE4D-4B09-887C-BD848D7FA27D}.Debug|Any CPU.Build.0 = Debug|iPhoneSimulator
		{A5EE2E5E-BE4D-4B09-887C-BD848D7FA27D}.Debug|Any CPU.Deploy.0 = Debug|iPhoneSimulator
		{A5EE2E5E-BE4D-4B09-887C-BD848D7FA27D}.Debug|ARM.ActiveCfg = Debug|iPhoneSimulator
		{A5EE2E5E-BE4D-4B09-887C-BD848D7FA27D}.Debug|ARM.Build.0 = Debug|iPhoneSimulator
		{A5EE2E5E-BE4D-4B09-887C-BD848D7FA27D}.Debug|ARM.Deploy.0 = Debug|iPhoneSimulator
		{A5EE2E5E-BE4D-4B09-887C-BD848D7FA27D}.Debug|iPhone.ActiveCfg = Debug|iPhone
		{A5EE2E5E-BE4D-4B09-887C-BD848D7FA27D}.Debug|iPhone.Build.0 = Debug|iPhone
		{A5EE2E5E-BE4D-4B09-887C-BD848D7FA27D}.Debug|iPhone.Deploy.0 = Debug|iPhone
		{A5EE2E5E-BE4D-4B09-887C-BD848D7FA27D}.Debug|iPhoneSimulator.ActiveCfg = Debug|iPhoneSimulator
		{A5EE2E5E-BE4D-4B09-887C-BD848D7FA27D}.Debug|iPhoneSimulator.Build.0 = Debug|iPhoneSimulator
		{A5EE2E5E-BE4D-4B09-887C-BD848D7FA27D}.Debug|iPhoneSimulator.Deploy.0 = Debug|iPhoneSimulator
		{A5EE2E5E-BE4D-4B09-887C-BD848D7FA27D}.Debug|x64.ActiveCfg = Debug|iPhone
		{A5EE2E5E-BE4D-4B09-887C-BD848D7FA27D}.Debug|x64.Build.0 = Debug|iPhone
		{A5EE2E5E-BE4D-4B09-887C-BD848D7FA27D}.Debug|x64.Deploy.0 = Debug|iPhone
		{A5EE2E5E-BE4D-4B09-887C-BD848D7FA27D}.Debug|x86.ActiveCfg = Debug|iPhoneSimulator
		{A5EE2E5E-BE4D-4B09-887C-BD848D7FA27D}.Debug|x86.Build.0 = Debug|iPhoneSimulator
		{A5EE2E5E-BE4D-4B09-887C-BD848D7FA27D}.Debug|x86.Deploy.0 = Debug|iPhoneSimulator
		{A5EE2E5E-BE4D-4B09-887C-BD848D7FA27D}.Release|Any CPU.ActiveCfg = Release|iPhoneSimulator
		{A5EE2E5E-BE4D-4B09-887C-BD848D7FA27D}.Release|Any CPU.Build.0 = Release|iPhoneSimulator
		{A5EE2E5E-BE4D-4B09-887C-BD848D7FA27D}.Release|Any CPU.Deploy.0 = Release|iPhoneSimulator
		{A5EE2E5E-BE4D-4B09-887C-BD848D7FA27D}.Release|ARM.ActiveCfg = Release|iPhoneSimulator
		{A5EE2E5E-BE4D-4B09-887C-BD848D7FA27D}.Release|ARM.Build.0 = Release|iPhoneSimulator
		{A5EE2E5E-BE4D-4B09-887C-BD848D7FA27D}.Release|ARM.Deploy.0 = Release|iPhoneSimulator
		{A5EE2E5E-BE4D-4B09-887C-BD848D7FA27D}.Release|iPhone.ActiveCfg = Release|iPhone
		{A5EE2E5E-BE4D-4B09-887C-BD848D7FA27D}.Release|iPhone.Build.0 = Release|iPhone
		{A5EE2E5E-BE4D-4B09-887C-BD848D7FA27D}.Release|iPhone.Deploy.0 = Release|iPhone
		{A5EE2E5E-BE4D-4B09-887C-BD848D7FA27D}.Release|iPhoneSimulator.ActiveCfg = Release|iPhoneSimulator
		{A5EE2E5E-BE4D-4B09-887C-BD848D7FA27D}.Release|iPhoneSimulator.Build.0 = Release|iPhoneSimulator
		{A5EE2E5E-BE4D-4B09-887C-BD848D7FA27D}.Release|iPhoneSimulator.Deploy.0 = Release|iPhoneSimulator
		{A5EE2E5E-BE4D-4B09-887C-BD848D7FA27D}.Release|x64.ActiveCfg = Release|iPhoneSimulator
		{A5EE2E5E-BE4D-4B09-887C-BD848D7FA27D}.Release|x64.Build.0 = Release|iPhoneSimulator
		{A5EE2E5E-BE4D-4B09-887C-BD848D7FA27D}.Release|x64.Deploy.0 = Release|iPhoneSimulator
		{A5EE2E5E-BE4D-4B09-887C-BD848D7FA27D}.Release|x86.ActiveCfg = Release|iPhoneSimulator
		{A5EE2E5E-BE4D-4B09-887C-BD848D7FA27D}.Release|x86.Build.0 = Release|iPhoneSimulator
		{A5EE2E5E-BE4D-4B09-887C-BD848D7FA27D}.Release|x86.Deploy.0 = Release|iPhoneSimulator
		{F0E49B64-3F8F-40AF-A360-59300765FB87}.Debug|Any CPU.ActiveCfg = Debug|Any CPU
		{F0E49B64-3F8F-40AF-A360-59300765FB87}.Debug|Any CPU.Build.0 = Debug|Any CPU
		{F0E49B64-3F8F-40AF-A360-59300765FB87}.Debug|Any CPU.Deploy.0 = Debug|Any CPU
		{F0E49B64-3F8F-40AF-A360-59300765FB87}.Debug|ARM.ActiveCfg = Debug|Any CPU
		{F0E49B64-3F8F-40AF-A360-59300765FB87}.Debug|ARM.Build.0 = Debug|Any CPU
		{F0E49B64-3F8F-40AF-A360-59300765FB87}.Debug|ARM.Deploy.0 = Debug|Any CPU
		{F0E49B64-3F8F-40AF-A360-59300765FB87}.Debug|iPhone.ActiveCfg = Debug|Any CPU
		{F0E49B64-3F8F-40AF-A360-59300765FB87}.Debug|iPhone.Build.0 = Debug|Any CPU
		{F0E49B64-3F8F-40AF-A360-59300765FB87}.Debug|iPhone.Deploy.0 = Debug|Any CPU
		{F0E49B64-3F8F-40AF-A360-59300765FB87}.Debug|iPhoneSimulator.ActiveCfg = Debug|Any CPU
		{F0E49B64-3F8F-40AF-A360-59300765FB87}.Debug|iPhoneSimulator.Build.0 = Debug|Any CPU
		{F0E49B64-3F8F-40AF-A360-59300765FB87}.Debug|iPhoneSimulator.Deploy.0 = Debug|Any CPU
		{F0E49B64-3F8F-40AF-A360-59300765FB87}.Debug|x64.ActiveCfg = Debug|Any CPU
		{F0E49B64-3F8F-40AF-A360-59300765FB87}.Debug|x64.Build.0 = Debug|Any CPU
		{F0E49B64-3F8F-40AF-A360-59300765FB87}.Debug|x64.Deploy.0 = Debug|Any CPU
		{F0E49B64-3F8F-40AF-A360-59300765FB87}.Debug|x86.ActiveCfg = Debug|Any CPU
		{F0E49B64-3F8F-40AF-A360-59300765FB87}.Debug|x86.Build.0 = Debug|Any CPU
		{F0E49B64-3F8F-40AF-A360-59300765FB87}.Debug|x86.Deploy.0 = Debug|Any CPU
		{F0E49B64-3F8F-40AF-A360-59300765FB87}.Release|Any CPU.ActiveCfg = Release|Any CPU
		{F0E49B64-3F8F-40AF-A360-59300765FB87}.Release|Any CPU.Build.0 = Release|Any CPU
		{F0E49B64-3F8F-40AF-A360-59300765FB87}.Release|Any CPU.Deploy.0 = Release|Any CPU
		{F0E49B64-3F8F-40AF-A360-59300765FB87}.Release|ARM.ActiveCfg = Release|Any CPU
		{F0E49B64-3F8F-40AF-A360-59300765FB87}.Release|ARM.Build.0 = Release|Any CPU
		{F0E49B64-3F8F-40AF-A360-59300765FB87}.Release|ARM.Deploy.0 = Release|Any CPU
		{F0E49B64-3F8F-40AF-A360-59300765FB87}.Release|iPhone.ActiveCfg = Release|Any CPU
		{F0E49B64-3F8F-40AF-A360-59300765FB87}.Release|iPhone.Build.0 = Release|Any CPU
		{F0E49B64-3F8F-40AF-A360-59300765FB87}.Release|iPhone.Deploy.0 = Release|Any CPU
		{F0E49B64-3F8F-40AF-A360-59300765FB87}.Release|iPhoneSimulator.ActiveCfg = Release|Any CPU
		{F0E49B64-3F8F-40AF-A360-59300765FB87}.Release|iPhoneSimulator.Build.0 = Release|Any CPU
		{F0E49B64-3F8F-40AF-A360-59300765FB87}.Release|iPhoneSimulator.Deploy.0 = Release|Any CPU
		{F0E49B64-3F8F-40AF-A360-59300765FB87}.Release|x64.ActiveCfg = Release|Any CPU
		{F0E49B64-3F8F-40AF-A360-59300765FB87}.Release|x64.Build.0 = Release|Any CPU
		{F0E49B64-3F8F-40AF-A360-59300765FB87}.Release|x64.Deploy.0 = Release|Any CPU
		{F0E49B64-3F8F-40AF-A360-59300765FB87}.Release|x86.ActiveCfg = Release|Any CPU
		{F0E49B64-3F8F-40AF-A360-59300765FB87}.Release|x86.Build.0 = Release|Any CPU
		{F0E49B64-3F8F-40AF-A360-59300765FB87}.Release|x86.Deploy.0 = Release|Any CPU
	EndGlobalSection
	GlobalSection(SolutionProperties) = preSolution
		HideSolutionNode = FALSE
	EndGlobalSection
	GlobalSection(ExtensibilityGlobals) = postSolution
		SolutionGuid = {0C5F6390-7108-4167-A693-956E7D94CA28}
	EndGlobalSection
EndGlobal
